# This file is autogenerated, do not edit; changes may be undone by the next 'dep ensure'.


[[projects]]
  branch = "master"
  name = "github.com/Alainy/OmiseGo-Go-SDK"
  packages = ["."]
  revision = "0e5563a02e74e6d8ca5e7fd028de2112e15fdd0b"

[[projects]]
  branch = "master"
  name = "github.com/mitchellh/mapstructure"
  packages = ["."]
  revision = "bb74f1db0675b241733089d5a1faa5dd8b0ef57b"

[solve-meta]
  analyzer-name = "dep"
  analyzer-version = 1
  inputs-digest = "9556a276bd6d119b49bde6e0c58970cd5367dfe7033af3c2efd947d4a1261985"
  solver-name = "gps-cdcl"
  solver-version = 1
